
Microsoft Visual Studio Solution File, Format Version 12.00
# Visual Studio Version 16
VisualStudioVersion = 16.0.29418.71
MinimumVisualStudioVersion = 15.0.26124.0
Project("{9A19103F-16F7-4668-BE54-9A1E7A4F7556}") = "OpenCollar.Extensions.Configuration", "src\OpenCollar.Extensions.Configuration\OpenCollar.Extensions.Configuration.csproj", "{806665D8-7299-45F0-956C-BBACE12D14C1}"
EndProject
Project("{9A19103F-16F7-4668-BE54-9A1E7A4F7556}") = "OpenCollar.Extensions.Configuration.TESTS", "test\OpenCollar.Extensions.Configuration.TESTS\OpenCollar.Extensions.Configuration.TESTS.csproj", "{9BBB5C04-9A70-462D-AC0D-5432F223070A}"
EndProject
Project("{2150E333-8FDC-42A3-9474-1A3956D46DE8}") = "test", "test", "{937BBBC0-F82C-11E9-BF62-FD6DB016B1EA}"
EndProject
Project("{2150E333-8FDC-42A3-9474-1A3956D46DE8}") = "src", "src", "{9E811560-F82C-11E9-BF62-FD6DB016B1EA}"
EndProject
Project("{2150E333-8FDC-42A3-9474-1A3956D46DE8}") = "testrig", "testrig", "{6B5734ED-5AE3-4F36-AD5F-05FC1B828CFA}"
EndProject
Project("{9A19103F-16F7-4668-BE54-9A1E7A4F7556}") = "TestWebApp", "testrig\TestWebApp\TestWebApp.csproj", "{AA71998F-9E67-48E2-BCDE-ACFF99137FD0}"
EndProject
Project("{2150E333-8FDC-42A3-9474-1A3956D46DE8}") = "Solution Items", "Solution Items", "{B709D989-2CBB-4947-8FB2-0A0ED44A6C52}"
	ProjectSection(SolutionItems) = preProject
		.editorconfig = .editorconfig
		LICENSE = LICENSE
		README.md = README.md
	EndProjectSection
EndProject
Project("{2150E333-8FDC-42A3-9474-1A3956D46DE8}") = ".github", ".github", "{4CB53D99-C3E1-4CC8-B058-A7E8CA78A515}"
EndProject
Project("{2150E333-8FDC-42A3-9474-1A3956D46DE8}") = "workflows", "workflows", "{8A6FA1A3-B379-449E-BD1D-E631B326D95B}"
	ProjectSection(SolutionItems) = preProject
		.github\workflows\dotnetcore.yml = .github\workflows\dotnetcore.yml
	EndProjectSection
EndProject
Project("{2150E333-8FDC-42A3-9474-1A3956D46DE8}") = "media", "media", "{3DC14E4F-02A1-4CB4-A392-11024EF229BC}"
	ProjectSection(SolutionItems) = preProject
		media\opencollar-icon-16x16x32.png = media\opencollar-icon-16x16x32.png
		media\opencollar-icon-320x320x32.png = media\opencollar-icon-320x320x32.png
		media\opencollar-icon-32x32x32.png = media\opencollar-icon-32x32x32.png
		media\opencollar-icon.svg = media\opencollar-icon.svg
		media\opencollar-logo-320x132x32.png = media\opencollar-logo-320x132x32.png
		media\opencollar-logo-320x25x32.png = media\opencollar-logo-320x25x32.png
		media\opencollar-logo.svg = media\opencollar-logo.svg
	EndProjectSection
EndProject
Project("{2150E333-8FDC-42A3-9474-1A3956D46DE8}") = "docs", "docs", "{97510A42-1DFE-46A9-94BC-F716322F2598}"
EndProject
Project("{FAE04EC0-301F-11D3-BF4B-00C04F79EFBC}") = "ApiDocs", "docs\ApiDocs\ApiDocs.csproj", "{795B4473-83B0-443D-9A75-7B7426F08E58}"
EndProject
Global
	GlobalSection(SolutionConfigurationPlatforms) = preSolution
		Debug|Any CPU = Debug|Any CPU
		Debug|x64 = Debug|x64
		Debug|x86 = Debug|x86
		Release|Any CPU = Release|Any CPU
		Release|x64 = Release|x64
		Release|x86 = Release|x86
	EndGlobalSection
	GlobalSection(ProjectConfigurationPlatforms) = postSolution
		{806665D8-7299-45F0-956C-BBACE12D14C1}.Debug|Any CPU.ActiveCfg = Debug|Any CPU
		{806665D8-7299-45F0-956C-BBACE12D14C1}.Debug|Any CPU.Build.0 = Debug|Any CPU
		{806665D8-7299-45F0-956C-BBACE12D14C1}.Debug|x64.ActiveCfg = Debug|Any CPU
		{806665D8-7299-45F0-956C-BBACE12D14C1}.Debug|x64.Build.0 = Debug|Any CPU
		{806665D8-7299-45F0-956C-BBACE12D14C1}.Debug|x86.ActiveCfg = Debug|Any CPU
		{806665D8-7299-45F0-956C-BBACE12D14C1}.Debug|x86.Build.0 = Debug|Any CPU
		{806665D8-7299-45F0-956C-BBACE12D14C1}.Release|Any CPU.ActiveCfg = Release|Any CPU
		{806665D8-7299-45F0-956C-BBACE12D14C1}.Release|Any CPU.Build.0 = Release|Any CPU
		{806665D8-7299-45F0-956C-BBACE12D14C1}.Release|x64.ActiveCfg = Release|Any CPU
		{806665D8-7299-45F0-956C-BBACE12D14C1}.Release|x64.Build.0 = Release|Any CPU
		{806665D8-7299-45F0-956C-BBACE12D14C1}.Release|x86.ActiveCfg = Release|Any CPU
		{806665D8-7299-45F0-956C-BBACE12D14C1}.Release|x86.Build.0 = Release|Any CPU
		{9BBB5C04-9A70-462D-AC0D-5432F223070A}.Debug|Any CPU.ActiveCfg = Debug|Any CPU
		{9BBB5C04-9A70-462D-AC0D-5432F223070A}.Debug|Any CPU.Build.0 = Debug|Any CPU
		{9BBB5C04-9A70-462D-AC0D-5432F223070A}.Debug|x64.ActiveCfg = Debug|Any CPU
		{9BBB5C04-9A70-462D-AC0D-5432F223070A}.Debug|x64.Build.0 = Debug|Any CPU
		{9BBB5C04-9A70-462D-AC0D-5432F223070A}.Debug|x86.ActiveCfg = Debug|Any CPU
		{9BBB5C04-9A70-462D-AC0D-5432F223070A}.Debug|x86.Build.0 = Debug|Any CPU
		{9BBB5C04-9A70-462D-AC0D-5432F223070A}.Release|Any CPU.ActiveCfg = Release|Any CPU
		{9BBB5C04-9A70-462D-AC0D-5432F223070A}.Release|Any CPU.Build.0 = Release|Any CPU
		{9BBB5C04-9A70-462D-AC0D-5432F223070A}.Release|x64.ActiveCfg = Release|Any CPU
		{9BBB5C04-9A70-462D-AC0D-5432F223070A}.Release|x64.Build.0 = Release|Any CPU
		{9BBB5C04-9A70-462D-AC0D-5432F223070A}.Release|x86.ActiveCfg = Release|Any CPU
		{9BBB5C04-9A70-462D-AC0D-5432F223070A}.Release|x86.Build.0 = Release|Any CPU
		{AA71998F-9E67-48E2-BCDE-ACFF99137FD0}.Debug|Any CPU.ActiveCfg = Debug|Any CPU
		{AA71998F-9E67-48E2-BCDE-ACFF99137FD0}.Debug|Any CPU.Build.0 = Debug|Any CPU
		{AA71998F-9E67-48E2-BCDE-ACFF99137FD0}.Debug|x64.ActiveCfg = Debug|Any CPU
		{AA71998F-9E67-48E2-BCDE-ACFF99137FD0}.Debug|x64.Build.0 = Debug|Any CPU
		{AA71998F-9E67-48E2-BCDE-ACFF99137FD0}.Debug|x86.ActiveCfg = Debug|Any CPU
		{AA71998F-9E67-48E2-BCDE-ACFF99137FD0}.Debug|x86.Build.0 = Debug|Any CPU
		{AA71998F-9E67-48E2-BCDE-ACFF99137FD0}.Release|Any CPU.ActiveCfg = Release|Any CPU
		{AA71998F-9E67-48E2-BCDE-ACFF99137FD0}.Release|Any CPU.Build.0 = Release|Any CPU
		{AA71998F-9E67-48E2-BCDE-ACFF99137FD0}.Release|x64.ActiveCfg = Release|Any CPU
		{AA71998F-9E67-48E2-BCDE-ACFF99137FD0}.Release|x64.Build.0 = Release|Any CPU
		{AA71998F-9E67-48E2-BCDE-ACFF99137FD0}.Release|x86.ActiveCfg = Release|Any CPU
		{AA71998F-9E67-48E2-BCDE-ACFF99137FD0}.Release|x86.Build.0 = Release|Any CPU
		{795B4473-83B0-443D-9A75-7B7426F08E58}.Debug|Any CPU.ActiveCfg = Debug|Any CPU
		{795B4473-83B0-443D-9A75-7B7426F08E58}.Debug|Any CPU.Build.0 = Debug|Any CPU
		{795B4473-83B0-443D-9A75-7B7426F08E58}.Debug|x64.ActiveCfg = Debug|Any CPU
		{795B4473-83B0-443D-9A75-7B7426F08E58}.Debug|x64.Build.0 = Debug|Any CPU
		{795B4473-83B0-443D-9A75-7B7426F08E58}.Debug|x86.ActiveCfg = Debug|Any CPU
		{795B4473-83B0-443D-9A75-7B7426F08E58}.Debug|x86.Build.0 = Debug|Any CPU
		{795B4473-83B0-443D-9A75-7B7426F08E58}.Release|Any CPU.ActiveCfg = Release|Any CPU
		{795B4473-83B0-443D-9A75-7B7426F08E58}.Release|Any CPU.Build.0 = Release|Any CPU
		{795B4473-83B0-443D-9A75-7B7426F08E58}.Release|x64.ActiveCfg = Release|Any CPU
		{795B4473-83B0-443D-9A75-7B7426F08E58}.Release|x64.Build.0 = Release|Any CPU
		{795B4473-83B0-443D-9A75-7B7426F08E58}.Release|x86.ActiveCfg = Release|Any CPU
		{795B4473-83B0-443D-9A75-7B7426F08E58}.Release|x86.Build.0 = Release|Any CPU
	EndGlobalSection
	GlobalSection(SolutionProperties) = preSolution
		HideSolutionNode = FALSE
	EndGlobalSection
	GlobalSection(NestedProjects) = preSolution
		{806665D8-7299-45F0-956C-BBACE12D14C1} = {9E811560-F82C-11E9-BF62-FD6DB016B1EA}
		{9BBB5C04-9A70-462D-AC0D-5432F223070A} = {937BBBC0-F82C-11E9-BF62-FD6DB016B1EA}
		{AA71998F-9E67-48E2-BCDE-ACFF99137FD0} = {6B5734ED-5AE3-4F36-AD5F-05FC1B828CFA}
		{8A6FA1A3-B379-449E-BD1D-E631B326D95B} = {4CB53D99-C3E1-4CC8-B058-A7E8CA78A515}
		{795B4473-83B0-443D-9A75-7B7426F08E58} = {97510A42-1DFE-46A9-94BC-F716322F2598}
	EndGlobalSection
	GlobalSection(ExtensibilityGlobals) = postSolution
		SolutionGuid = {7D6B1BA9-0595-478F-91A0-E419289B1E0F}
	EndGlobalSection
EndGlobal
